
Microsoft Visual Studio Solution File, Format Version 12.00
# Visual Studio Version 17
VisualStudioVersion = 17.0.31919.166
MinimumVisualStudioVersion = 10.0.40219.1
Project("{9A19103F-16F7-4668-BE54-9A1E7A4F7556}") = "DotNetModel.WebApi", "DotNetModel.WebApi\DotNetModel.WebApi.csproj", "{906691F8-5E2A-496A-86B3-7B472024FF09}"
EndProject
Project("{9A19103F-16F7-4668-BE54-9A1E7A4F7556}") = "DotNetModel.Business", "DotNetModel.Business\DotNetModel.Business.csproj", "{0D8FB21B-B5F9-4259-9A87-1C7DC85F3D18}"
EndProject
Project("{9A19103F-16F7-4668-BE54-9A1E7A4F7556}") = "DotNetModel.DataEntity", "DotNetModel.DataEntity\DotNetModel.DataEntity.csproj", "{4C58183B-4858-43E3-B5EF-575E243EAC01}"
EndProject
Project("{9A19103F-16F7-4668-BE54-9A1E7A4F7556}") = "DotNetModel.DataAccessObject", "DotNetModel.DataAccessObject\DotNetModel.DataAccessObject.csproj", "{EA6B800D-9214-49BF-972A-E35602853B0B}"
EndProject
Project("{9A19103F-16F7-4668-BE54-9A1E7A4F7556}") = "DotNetModel.DataRepository", "DotNetModel.DataRepository\DotNetModel.DataRepository.csproj", "{090CC8E2-0A6F-4152-B6E8-DCD0FE36EB8B}"
EndProject
Project("{FAE04EC0-301F-11D3-BF4B-00C04F79EFBC}") = "DotNetModel.WebApi.UnitTest", "DotNetModel.WebApi.UnitTest\DotNetModel.WebApi.UnitTest.csproj", "{3A8BCEAF-7F7C-495E-88C6-6690753E0050}"
EndProject
Global
	GlobalSection(SolutionConfigurationPlatforms) = preSolution
		Debug|Any CPU = Debug|Any CPU
		Release|Any CPU = Release|Any CPU
	EndGlobalSection
	GlobalSection(ProjectConfigurationPlatforms) = postSolution
		{906691F8-5E2A-496A-86B3-7B472024FF09}.Debug|Any CPU.ActiveCfg = Debug|Any CPU
		{906691F8-5E2A-496A-86B3-7B472024FF09}.Debug|Any CPU.Build.0 = Debug|Any CPU
		{906691F8-5E2A-496A-86B3-7B472024FF09}.Release|Any CPU.ActiveCfg = Release|Any CPU
		{906691F8-5E2A-496A-86B3-7B472024FF09}.Release|Any CPU.Build.0 = Release|Any CPU
		{0D8FB21B-B5F9-4259-9A87-1C7DC85F3D18}.Debug|Any CPU.ActiveCfg = Debug|Any CPU
		{0D8FB21B-B5F9-4259-9A87-1C7DC85F3D18}.Debug|Any CPU.Build.0 = Debug|Any CPU
		{0D8FB21B-B5F9-4259-9A87-1C7DC85F3D18}.Release|Any CPU.ActiveCfg = Release|Any CPU
		{0D8FB21B-B5F9-4259-9A87-1C7DC85F3D18}.Release|Any CPU.Build.0 = Release|Any CPU
		{4C58183B-4858-43E3-B5EF-575E243EAC01}.Debug|Any CPU.ActiveCfg = Debug|Any CPU
		{4C58183B-4858-43E3-B5EF-575E243EAC01}.Debug|Any CPU.Build.0 = Debug|Any CPU
		{4C58183B-4858-43E3-B5EF-575E243EAC01}.Release|Any CPU.ActiveCfg = Release|Any CPU
		{4C58183B-4858-43E3-B5EF-575E243EAC01}.Release|Any CPU.Build.0 = Release|Any CPU
		{EA6B800D-9214-49BF-972A-E35602853B0B}.Debug|Any CPU.ActiveCfg = Debug|Any CPU
		{EA6B800D-9214-49BF-972A-E35602853B0B}.Debug|Any CPU.Build.0 = Debug|Any CPU
		{EA6B800D-9214-49BF-972A-E35602853B0B}.Release|Any CPU.ActiveCfg = Release|Any CPU
		{EA6B800D-9214-49BF-972A-E35602853B0B}.Release|Any CPU.Build.0 = Release|Any CPU
		{090CC8E2-0A6F-4152-B6E8-DCD0FE36EB8B}.Debug|Any CPU.ActiveCfg = Debug|Any CPU
		{090CC8E2-0A6F-4152-B6E8-DCD0FE36EB8B}.Debug|Any CPU.Build.0 = Debug|Any CPU
		{090CC8E2-0A6F-4152-B6E8-DCD0FE36EB8B}.Release|Any CPU.ActiveCfg = Release|Any CPU
		{090CC8E2-0A6F-4152-B6E8-DCD0FE36EB8B}.Release|Any CPU.Build.0 = Release|Any CPU
		{3A8BCEAF-7F7C-495E-88C6-6690753E0050}.Debug|Any CPU.ActiveCfg = Debug|Any CPU
		{3A8BCEAF-7F7C-495E-88C6-6690753E0050}.Debug|Any CPU.Build.0 = Debug|Any CPU
		{3A8BCEAF-7F7C-495E-88C6-6690753E0050}.Release|Any CPU.ActiveCfg = Release|Any CPU
		{3A8BCEAF-7F7C-495E-88C6-6690753E0050}.Release|Any CPU.Build.0 = Release|Any CPU
	EndGlobalSection
	GlobalSection(SolutionProperties) = preSolution
		HideSolutionNode = FALSE
	EndGlobalSection
	GlobalSection(ExtensibilityGlobals) = postSolution
		SolutionGuid = {17E1EC4F-83A5-49BD-83E5-02F540AFDB95}
	EndGlobalSection
EndGlobal
